
Microsoft Visual Studio Solution File, Format Version 12.00
# Visual Studio Version 16
VisualStudioVersion = 16.0.30310.162
MinimumVisualStudioVersion = 10.0.40219.1
Project("{FAE04EC0-301F-11D3-BF4B-00C04F79EFBC}") = "BubbleSort", "BubbleSort.csproj", "{77230683-C57C-4DEF-9F10-037E301BF4B8}"
EndProject
Project("{FAE04EC0-301F-11D3-BF4B-00C04F79EFBC}") = "Insertion", "..\Insertion\Insertion.csproj", "{46F32A8B-3006-44A1-B2EF-806C96DD345D}"
EndProject
Project("{FAE04EC0-301F-11D3-BF4B-00C04F79EFBC}") = "MergeSort", "..\MergeSort\MergeSort.csproj", "{3EC7F244-9A96-423F-A5C6-8A6FC462C9BB}"
EndProject
Global
	GlobalSection(SolutionConfigurationPlatforms) = preSolution
		Debug|Any CPU = Debug|Any CPU
		Release|Any CPU = Release|Any CPU
	EndGlobalSection
	GlobalSection(ProjectConfigurationPlatforms) = postSolution
		{77230683-C57C-4DEF-9F10-037E301BF4B8}.Debug|Any CPU.ActiveCfg = Debug|Any CPU
		{77230683-C57C-4DEF-9F10-037E301BF4B8}.Debug|Any CPU.Build.0 = Debug|Any CPU
		{77230683-C57C-4DEF-9F10-037E301BF4B8}.Release|Any CPU.ActiveCfg = Release|Any CPU
		{77230683-C57C-4DEF-9F10-037E301BF4B8}.Release|Any CPU.Build.0 = Release|Any CPU
		{46F32A8B-3006-44A1-B2EF-806C96DD345D}.Debug|Any CPU.ActiveCfg = Debug|Any CPU
		{46F32A8B-3006-44A1-B2EF-806C96DD345D}.Debug|Any CPU.Build.0 = Debug|Any CPU
		{46F32A8B-3006-44A1-B2EF-806C96DD345D}.Release|Any CPU.ActiveCfg = Release|Any CPU
		{46F32A8B-3006-44A1-B2EF-806C96DD345D}.Release|Any CPU.Build.0 = Release|Any CPU
		{3EC7F244-9A96-423F-A5C6-8A6FC462C9BB}.Debug|Any CPU.ActiveCfg = Debug|Any CPU
		{3EC7F244-9A96-423F-A5C6-8A6FC462C9BB}.Debug|Any CPU.Build.0 = Debug|Any CPU
		{3EC7F244-9A96-423F-A5C6-8A6FC462C9BB}.Release|Any CPU.ActiveCfg = Release|Any CPU
		{3EC7F244-9A96-423F-A5C6-8A6FC462C9BB}.Release|Any CPU.Build.0 = Release|Any CPU
	EndGlobalSection
	GlobalSection(SolutionProperties) = preSolution
		HideSolutionNode = FALSE
	EndGlobalSection
	GlobalSection(ExtensibilityGlobals) = postSolution
		SolutionGuid = {76842847-36D5-49FE-9472-DA0BEF86C402}
	EndGlobalSection
EndGlobal
