
Microsoft Visual Studio Solution File, Format Version 12.00
# Visual Studio Version 16
VisualStudioVersion = 16.0.30310.162
MinimumVisualStudioVersion = 10.0.40219.1
Project("{9A19103F-16F7-4668-BE54-9A1E7A4F7556}") = "exception_01", "exception_01.csproj", "{020198DD-8B86-4C52-BD5F-E2900D560C6C}"
EndProject
Project("{9A19103F-16F7-4668-BE54-9A1E7A4F7556}") = "exception_02", "..\exception_02\exception_02.csproj", "{980BE31A-E519-4A8C-9529-CBB47D8628D2}"
EndProject
Project("{9A19103F-16F7-4668-BE54-9A1E7A4F7556}") = "exception_03", "..\exception_03\exception_03.csproj", "{54B4F728-92C2-4701-BD8D-67E528DEEA6E}"
EndProject
Project("{FAE04EC0-301F-11D3-BF4B-00C04F79EFBC}") = "exception_04", "..\exception_04\exception_04.csproj", "{356373FA-A318-4687-86C0-230965E6CD4B}"
EndProject
Project("{FAE04EC0-301F-11D3-BF4B-00C04F79EFBC}") = "exception_05", "..\exception\exception_05.csproj", "{51545631-5BA9-409E-8934-F7B351E89B12}"
EndProject
Project("{FAE04EC0-301F-11D3-BF4B-00C04F79EFBC}") = "Race", "..\Race\Race.csproj", "{4A217310-34A2-475C-ADE6-1444CC50886A}"
EndProject
Global
	GlobalSection(SolutionConfigurationPlatforms) = preSolution
		Debug|Any CPU = Debug|Any CPU
		Release|Any CPU = Release|Any CPU
	EndGlobalSection
	GlobalSection(ProjectConfigurationPlatforms) = postSolution
		{020198DD-8B86-4C52-BD5F-E2900D560C6C}.Debug|Any CPU.ActiveCfg = Debug|Any CPU
		{020198DD-8B86-4C52-BD5F-E2900D560C6C}.Debug|Any CPU.Build.0 = Debug|Any CPU
		{020198DD-8B86-4C52-BD5F-E2900D560C6C}.Release|Any CPU.ActiveCfg = Release|Any CPU
		{020198DD-8B86-4C52-BD5F-E2900D560C6C}.Release|Any CPU.Build.0 = Release|Any CPU
		{980BE31A-E519-4A8C-9529-CBB47D8628D2}.Debug|Any CPU.ActiveCfg = Debug|Any CPU
		{980BE31A-E519-4A8C-9529-CBB47D8628D2}.Debug|Any CPU.Build.0 = Debug|Any CPU
		{980BE31A-E519-4A8C-9529-CBB47D8628D2}.Release|Any CPU.ActiveCfg = Release|Any CPU
		{980BE31A-E519-4A8C-9529-CBB47D8628D2}.Release|Any CPU.Build.0 = Release|Any CPU
		{54B4F728-92C2-4701-BD8D-67E528DEEA6E}.Debug|Any CPU.ActiveCfg = Debug|Any CPU
		{54B4F728-92C2-4701-BD8D-67E528DEEA6E}.Debug|Any CPU.Build.0 = Debug|Any CPU
		{54B4F728-92C2-4701-BD8D-67E528DEEA6E}.Release|Any CPU.ActiveCfg = Release|Any CPU
		{54B4F728-92C2-4701-BD8D-67E528DEEA6E}.Release|Any CPU.Build.0 = Release|Any CPU
		{356373FA-A318-4687-86C0-230965E6CD4B}.Debug|Any CPU.ActiveCfg = Debug|Any CPU
		{356373FA-A318-4687-86C0-230965E6CD4B}.Debug|Any CPU.Build.0 = Debug|Any CPU
		{356373FA-A318-4687-86C0-230965E6CD4B}.Release|Any CPU.ActiveCfg = Release|Any CPU
		{356373FA-A318-4687-86C0-230965E6CD4B}.Release|Any CPU.Build.0 = Release|Any CPU
		{51545631-5BA9-409E-8934-F7B351E89B12}.Debug|Any CPU.ActiveCfg = Debug|Any CPU
		{51545631-5BA9-409E-8934-F7B351E89B12}.Debug|Any CPU.Build.0 = Debug|Any CPU
		{51545631-5BA9-409E-8934-F7B351E89B12}.Release|Any CPU.ActiveCfg = Release|Any CPU
		{51545631-5BA9-409E-8934-F7B351E89B12}.Release|Any CPU.Build.0 = Release|Any CPU
		{4A217310-34A2-475C-ADE6-1444CC50886A}.Debug|Any CPU.ActiveCfg = Debug|Any CPU
		{4A217310-34A2-475C-ADE6-1444CC50886A}.Debug|Any CPU.Build.0 = Debug|Any CPU
		{4A217310-34A2-475C-ADE6-1444CC50886A}.Release|Any CPU.ActiveCfg = Release|Any CPU
		{4A217310-34A2-475C-ADE6-1444CC50886A}.Release|Any CPU.Build.0 = Release|Any CPU
	EndGlobalSection
	GlobalSection(SolutionProperties) = preSolution
		HideSolutionNode = FALSE
	EndGlobalSection
	GlobalSection(ExtensibilityGlobals) = postSolution
		SolutionGuid = {98AB62B4-A86F-468F-8C04-9905232F7D57}
	EndGlobalSection
EndGlobal
