
Microsoft Visual Studio Solution File, Format Version 12.00
# Visual Studio Version 16
VisualStudioVersion = 16.0.30310.162
MinimumVisualStudioVersion = 10.0.40219.1
Project("{FAE04EC0-301F-11D3-BF4B-00C04F79EFBC}") = "ParserHTML", "ParserHTML.csproj", "{8804248F-4017-4A94-BFD4-CC2C5F673612}"
EndProject
Global
	GlobalSection(SolutionConfigurationPlatforms) = preSolution
		Debug|Any CPU = Debug|Any CPU
		Release|Any CPU = Release|Any CPU
	EndGlobalSection
	GlobalSection(ProjectConfigurationPlatforms) = postSolution
		{8804248F-4017-4A94-BFD4-CC2C5F673612}.Debug|Any CPU.ActiveCfg = Debug|Any CPU
		{8804248F-4017-4A94-BFD4-CC2C5F673612}.Debug|Any CPU.Build.0 = Debug|Any CPU
		{8804248F-4017-4A94-BFD4-CC2C5F673612}.Release|Any CPU.ActiveCfg = Release|Any CPU
		{8804248F-4017-4A94-BFD4-CC2C5F673612}.Release|Any CPU.Build.0 = Release|Any CPU
	EndGlobalSection
	GlobalSection(SolutionProperties) = preSolution
		HideSolutionNode = FALSE
	EndGlobalSection
	GlobalSection(ExtensibilityGlobals) = postSolution
		SolutionGuid = {C1D5BD8B-3C5E-4263-9826-D38735D40769}
	EndGlobalSection
EndGlobal
