
Microsoft Visual Studio Solution File, Format Version 12.00
# Visual Studio Version 16
VisualStudioVersion = 16.0.30310.162
MinimumVisualStudioVersion = 10.0.40219.1
Project("{FAE04EC0-301F-11D3-BF4B-00C04F79EFBC}") = "collection_001", "collection_001.csproj", "{49F8B0CD-ED6D-4F49-BEE5-9599D7832D95}"
EndProject
Project("{FAE04EC0-301F-11D3-BF4B-00C04F79EFBC}") = "collection_002", "..\collection_002\collection_002.csproj", "{48182585-57C4-40DC-A2B9-6FB98720B33A}"
EndProject
Global
	GlobalSection(SolutionConfigurationPlatforms) = preSolution
		Debug|Any CPU = Debug|Any CPU
		Release|Any CPU = Release|Any CPU
	EndGlobalSection
	GlobalSection(ProjectConfigurationPlatforms) = postSolution
		{49F8B0CD-ED6D-4F49-BEE5-9599D7832D95}.Debug|Any CPU.ActiveCfg = Debug|Any CPU
		{49F8B0CD-ED6D-4F49-BEE5-9599D7832D95}.Debug|Any CPU.Build.0 = Debug|Any CPU
		{49F8B0CD-ED6D-4F49-BEE5-9599D7832D95}.Release|Any CPU.ActiveCfg = Release|Any CPU
		{49F8B0CD-ED6D-4F49-BEE5-9599D7832D95}.Release|Any CPU.Build.0 = Release|Any CPU
		{48182585-57C4-40DC-A2B9-6FB98720B33A}.Debug|Any CPU.ActiveCfg = Debug|Any CPU
		{48182585-57C4-40DC-A2B9-6FB98720B33A}.Debug|Any CPU.Build.0 = Debug|Any CPU
		{48182585-57C4-40DC-A2B9-6FB98720B33A}.Release|Any CPU.ActiveCfg = Release|Any CPU
		{48182585-57C4-40DC-A2B9-6FB98720B33A}.Release|Any CPU.Build.0 = Release|Any CPU
	EndGlobalSection
	GlobalSection(SolutionProperties) = preSolution
		HideSolutionNode = FALSE
	EndGlobalSection
	GlobalSection(ExtensibilityGlobals) = postSolution
		SolutionGuid = {B21FE860-D088-4A29-AFF3-5CCA2E4E1102}
	EndGlobalSection
EndGlobal
