
Microsoft Visual Studio Solution File, Format Version 12.00
# Visual Studio Version 16
VisualStudioVersion = 16.0.30310.162
MinimumVisualStudioVersion = 10.0.40219.1
Project("{FAE04EC0-301F-11D3-BF4B-00C04F79EFBC}") = "WpfAppUML", "WpfAppUML.csproj", "{631158F7-973F-466D-A674-312460062ED7}"
EndProject
Global
	GlobalSection(SolutionConfigurationPlatforms) = preSolution
		Debug|Any CPU = Debug|Any CPU
		Release|Any CPU = Release|Any CPU
	EndGlobalSection
	GlobalSection(ProjectConfigurationPlatforms) = postSolution
		{631158F7-973F-466D-A674-312460062ED7}.Debug|Any CPU.ActiveCfg = Debug|Any CPU
		{631158F7-973F-466D-A674-312460062ED7}.Debug|Any CPU.Build.0 = Debug|Any CPU
		{631158F7-973F-466D-A674-312460062ED7}.Release|Any CPU.ActiveCfg = Release|Any CPU
		{631158F7-973F-466D-A674-312460062ED7}.Release|Any CPU.Build.0 = Release|Any CPU
	EndGlobalSection
	GlobalSection(SolutionProperties) = preSolution
		HideSolutionNode = FALSE
	EndGlobalSection
	GlobalSection(ExtensibilityGlobals) = postSolution
		SolutionGuid = {B4A3FA6D-679E-4685-85C4-BF9C5AF2DFDC}
	EndGlobalSection
EndGlobal
