
Microsoft Visual Studio Solution File, Format Version 12.00
# Visual Studio Version 16
VisualStudioVersion = 16.0.30310.162
MinimumVisualStudioVersion = 10.0.40219.1
Project("{FAE04EC0-301F-11D3-BF4B-00C04F79EFBC}") = "thread_006", "thread_006.csproj", "{EA3F1364-61B4-45FA-8236-BF72E9584B62}"
EndProject
Global
	GlobalSection(SolutionConfigurationPlatforms) = preSolution
		Debug|Any CPU = Debug|Any CPU
		Release|Any CPU = Release|Any CPU
	EndGlobalSection
	GlobalSection(ProjectConfigurationPlatforms) = postSolution
		{EA3F1364-61B4-45FA-8236-BF72E9584B62}.Debug|Any CPU.ActiveCfg = Debug|Any CPU
		{EA3F1364-61B4-45FA-8236-BF72E9584B62}.Debug|Any CPU.Build.0 = Debug|Any CPU
		{EA3F1364-61B4-45FA-8236-BF72E9584B62}.Release|Any CPU.ActiveCfg = Release|Any CPU
		{EA3F1364-61B4-45FA-8236-BF72E9584B62}.Release|Any CPU.Build.0 = Release|Any CPU
	EndGlobalSection
	GlobalSection(SolutionProperties) = preSolution
		HideSolutionNode = FALSE
	EndGlobalSection
	GlobalSection(ExtensibilityGlobals) = postSolution
		SolutionGuid = {FAA69274-71B3-4FF0-8B36-0136423E0355}
	EndGlobalSection
EndGlobal
