
Microsoft Visual Studio Solution File, Format Version 12.00
# Visual Studio Version 16
VisualStudioVersion = 16.0.30310.162
MinimumVisualStudioVersion = 10.0.40219.1
Project("{FAE04EC0-301F-11D3-BF4B-00C04F79EFBC}") = "FirstBotTelegram", "FirstBotTelegram.csproj", "{63F653C7-442C-4407-BB48-C86176386A43}"
EndProject
Global
	GlobalSection(SolutionConfigurationPlatforms) = preSolution
		Debug|Any CPU = Debug|Any CPU
		Release|Any CPU = Release|Any CPU
	EndGlobalSection
	GlobalSection(ProjectConfigurationPlatforms) = postSolution
		{63F653C7-442C-4407-BB48-C86176386A43}.Debug|Any CPU.ActiveCfg = Debug|Any CPU
		{63F653C7-442C-4407-BB48-C86176386A43}.Debug|Any CPU.Build.0 = Debug|Any CPU
		{63F653C7-442C-4407-BB48-C86176386A43}.Release|Any CPU.ActiveCfg = Release|Any CPU
		{63F653C7-442C-4407-BB48-C86176386A43}.Release|Any CPU.Build.0 = Release|Any CPU
	EndGlobalSection
	GlobalSection(SolutionProperties) = preSolution
		HideSolutionNode = FALSE
	EndGlobalSection
	GlobalSection(ExtensibilityGlobals) = postSolution
		SolutionGuid = {028DDAE9-1F88-488E-8C6A-A71E1FA5D705}
	EndGlobalSection
EndGlobal
